// !$*UTF8*$!
{
	archiveVersion = 1;
	classes = {
	};
	objectVersion = 50;
	objects = {

/* Begin PBXBuildFile section */
		620F75AC2693D61100C846EB /* AppDelegate.swift in Sources */ = {isa = PBXBuildFile; fileRef = 620F75AB2693D61100C846EB /* AppDelegate.swift */; };
		620F75AE2693D61100C846EB /* SceneDelegate.swift in Sources */ = {isa = PBXBuildFile; fileRef = 620F75AD2693D61100C846EB /* SceneDelegate.swift */; };
		620F75B02693D61100C846EB /* ViewController.swift in Sources */ = {isa = PBXBuildFile; fileRef = 620F75AF2693D61100C846EB /* ViewController.swift */; };
		620F75B32693D61100C846EB /* Main.storyboard in Resources */ = {isa = PBXBuildFile; fileRef = 620F75B12693D61100C846EB /* Main.storyboard */; };
		620F75B52693D61300C846EB /* Assets.xcassets in Resources */ = {isa = PBXBuildFile; fileRef = 620F75B42693D61300C846EB /* Assets.xcassets */; };
		620F75B82693D61300C846EB /* LaunchScreen.storyboard in Resources */ = {isa = PBXBuildFile; fileRef = 620F75B62693D61300C846EB /* LaunchScreen.storyboard */; };
		620F75C32693D61300C846EB /* UIView_____Tests.swift in Sources */ = {isa = PBXBuildFile; fileRef = 620F75C22693D61300C846EB /* UIView_____Tests.swift */; };
		620F75CE2693D61300C846EB /* UIView_____UITests.swift in Sources */ = {isa = PBXBuildFile; fileRef = 620F75CD2693D61300C846EB /* UIView_____UITests.swift */; };
/* End PBXBuildFile section */

/* Begin PBXContainerItemProxy section */
		620F75BF2693D61300C846EB /* PBXContainerItemProxy */ = {
			isa = PBXContainerItemProxy;
			containerPortal = 620F75A02693D61100C846EB /* Project object */;
			proxyType = 1;
			remoteGlobalIDString = 620F75A72693D61100C846EB;
			remoteInfo = "UIView的交互属性";
		};
		620F75CA2693D61300C846EB /* PBXContainerItemProxy */ = {
			isa = PBXContainerItemProxy;
			containerPortal = 620F75A02693D61100C846EB /* Project object */;
			proxyType = 1;
			remoteGlobalIDString = 620F75A72693D61100C846EB;
			remoteInfo = "UIView的交互属性";
		};
/* End PBXContainerItemProxy section */

/* Begin PBXFileReference section */
		620F75A82693D61100C846EB /* UIView的交互属性.app */ = {isa = PBXFileReference; explicitFileType = wrapper.application; includeInIndex = 0; path = "UIView的交互属性.app"; sourceTree = BUILT_PRODUCTS_DIR; };
		620F75AB2693D61100C846EB /* AppDelegate.swift */ = {isa = PBXFileReference; lastKnownFileType = sourcecode.swift; path = AppDelegate.swift; sourceTree = "<group>"; };
		620F75AD2693D61100C846EB /* SceneDelegate.swift */ = {isa = PBXFileReference; lastKnownFileType = sourcecode.swift; path = SceneDelegate.swift; sourceTree = "<group>"; };
		620F75AF2693D61100C846EB /* ViewController.swift */ = {isa = PBXFileReference; lastKnownFileType = sourcecode.swift; path = ViewController.swift; sourceTree = "<group>"; };
		620F75B22693D61100C846EB /* Base */ = {isa = PBXFileReference; lastKnownFileType = file.storyboard; name = Base; path = Base.lproj/Main.storyboard; sourceTree = "<group>"; };
		620F75B42693D61300C846EB /* Assets.xcassets */ = {isa = PBXFileReference; lastKnownFileType = folder.assetcatalog; path = Assets.xcassets; sourceTree = "<group>"; };
		620F75B72693D61300C846EB /* Base */ = {isa = PBXFileReference; lastKnownFileType = file.storyboard; name = Base; path = Base.lproj/LaunchScreen.storyboard; sourceTree = "<group>"; };
		620F75B92693D61300C846EB /* Info.plist */ = {isa = PBXFileReference; lastKnownFileType = text.plist.xml; path = Info.plist; sourceTree = "<group>"; };
		620F75BE2693D61300C846EB /* UIView的交互属性Tests.xctest */ = {isa = PBXFileReference; explicitFileType = wrapper.cfbundle; includeInIndex = 0; path = "UIView的交互属性Tests.xctest"; sourceTree = BUILT_PRODUCTS_DIR; };
		620F75C22693D61300C846EB /* UIView_____Tests.swift */ = {isa = PBXFileReference; lastKnownFileType = sourcecode.swift; path = "UIView_____Tests.swift"; sourceTree = "<group>"; };
		620F75C42693D61300C846EB /* Info.plist */ = {isa = PBXFileReference; lastKnownFileType = text.plist.xml; path = Info.plist; sourceTree = "<group>"; };
		620F75C92693D61300C846EB /* UIView的交互属性UITests.xctest */ = {isa = PBXFileReference; explicitFileType = wrapper.cfbundle; includeInIndex = 0; path = "UIView的交互属性UITests.xctest"; sourceTree = BUILT_PRODUCTS_DIR; };
		620F75CD2693D61300C846EB /* UIView_____UITests.swift */ = {isa = PBXFileReference; lastKnownFileType = sourcecode.swift; path = "UIView_____UITests.swift"; sourceTree = "<group>"; };
		620F75CF2693D61300C846EB /* Info.plist */ = {isa = PBXFileReference; lastKnownFileType = text.plist.xml; path = Info.plist; sourceTree = "<group>"; };
/* End PBXFileReference section */

/* Begin PBXFrameworksBuildPhase section */
		620F75A52693D61100C846EB /* Frameworks */ = {
			isa = PBXFrameworksBuildPhase;
			buildActionMask = 2147483647;
			files = (
			);
			runOnlyForDeploymentPostprocessing = 0;
		};
		620F75BB2693D61300C846EB /* Frameworks */ = {
			isa = PBXFrameworksBuildPhase;
			buildActionMask = 2147483647;
			files = (
			);
			runOnlyForDeploymentPostprocessing = 0;
		};
		620F75C62693D61300C846EB /* Frameworks */ = {
			isa = PBXFrameworksBuildPhase;
			buildActionMask = 2147483647;
			files = (
			);
			runOnlyForDeploymentPostprocessing = 0;
		};
/* End PBXFrameworksBuildPhase section */

/* Begin PBXGroup section */
		620F759F2693D61100C846EB = {
			isa = PBXGroup;
			children = (
				620F75AA2693D61100C846EB /* UIView的交互属性 */,
				620F75C12693D61300C846EB /* UIView的交互属性Tests */,
				620F75CC2693D61300C846EB /* UIView的交互属性UITests */,
				620F75A92693D61100C846EB /* Products */,
			);
			sourceTree = "<group>";
		};
		620F75A92693D61100C846EB /* Products */ = {
			isa = PBXGroup;
			children = (
				620F75A82693D61100C846EB /* UIView的交互属性.app */,
				620F75BE2693D61300C846EB /* UIView的交互属性Tests.xctest */,
				620F75C92693D61300C846EB /* UIView的交互属性UITests.xctest */,
			);
			name = Products;
			sourceTree = "<group>";
		};
		620F75AA2693D61100C846EB /* UIView的交互属性 */ = {
			isa = PBXGroup;
			children = (
				620F75AB2693D61100C846EB /* AppDelegate.swift */,
				620F75AD2693D61100C846EB /* SceneDelegate.swift */,
				620F75AF2693D61100C846EB /* ViewController.swift */,
				620F75B12693D61100C846EB /* Main.storyboard */,
				620F75B42693D61300C846EB /* Assets.xcassets */,
				620F75B62693D61300C846EB /* LaunchScreen.storyboard */,
				620F75B92693D61300C846EB /* Info.plist */,
			);
			path = "UIView的交互属性";
			sourceTree = "<group>";
		};
		620F75C12693D61300C846EB /* UIView的交互属性Tests */ = {
			isa = PBXGroup;
			children = (
				620F75C22693D61300C846EB /* UIView_____Tests.swift */,
				620F75C42693D61300C846EB /* Info.plist */,
			);
			path = "UIView的交互属性Tests";
			sourceTree = "<group>";
		};
		620F75CC2693D61300C846EB /* UIView的交互属性UITests */ = {
			isa = PBXGroup;
			children = (
				620F75CD2693D61300C846EB /* UIView_____UITests.swift */,
				620F75CF2693D61300C846EB /* Info.plist */,
			);
			path = "UIView的交互属性UITests";
			sourceTree = "<group>";
		};
/* End PBXGroup section */

/* Begin PBXNativeTarget section */
		620F75A72693D61100C846EB /* UIView的交互属性 */ = {
			isa = PBXNativeTarget;
			buildConfigurationList = 620F75D22693D61300C846EB /* Build configuration list for PBXNativeTarget "UIView的交互属性" */;
			buildPhases = (
				620F75A42693D61100C846EB /* Sources */,
				620F75A52693D61100C846EB /* Frameworks */,
				620F75A62693D61100C846EB /* Resources */,
			);
			buildRules = (
			);
			dependencies = (
			);
			name = "UIView的交互属性";
			productName = "UIView的交互属性";
			productReference = 620F75A82693D61100C846EB /* UIView的交互属性.app */;
			productType = "com.apple.product-type.application";
		};
		620F75BD2693D61300C846EB /* UIView的交互属性Tests */ = {
			isa = PBXNativeTarget;
			buildConfigurationList = 620F75D52693D61300C846EB /* Build configuration list for PBXNativeTarget "UIView的交互属性Tests" */;
			buildPhases = (
				620F75BA2693D61300C846EB /* Sources */,
				620F75BB2693D61300C846EB /* Frameworks */,
				620F75BC2693D61300C846EB /* Resources */,
			);
			buildRules = (
			);
			dependencies = (
				620F75C02693D61300C846EB /* PBXTargetDependency */,
			);
			name = "UIView的交互属性Tests";
			productName = "UIView的交互属性Tests";
			productReference = 620F75BE2693D61300C846EB /* UIView的交互属性Tests.xctest */;
			productType = "com.apple.product-type.bundle.unit-test";
		};
		620F75C82693D61300C846EB /* UIView的交互属性UITests */ = {
			isa = PBXNativeTarget;
			buildConfigurationList = 620F75D82693D61300C846EB /* Build configuration list for PBXNativeTarget "UIView的交互属性UITests" */;
			buildPhases = (
				620F75C52693D61300C846EB /* Sources */,
				620F75C62693D61300C846EB /* Frameworks */,
				620F75C72693D61300C846EB /* Resources */,
			);
			buildRules = (
			);
			dependencies = (
				620F75CB2693D61300C846EB /* PBXTargetDependency */,
			);
			name = "UIView的交互属性UITests";
			productName = "UIView的交互属性UITests";
			productReference = 620F75C92693D61300C846EB /* UIView的交互属性UITests.xctest */;
			productType = "com.apple.product-type.bundle.ui-testing";
		};
/* End PBXNativeTarget section */

/* Begin PBXProject section */
		620F75A02693D61100C846EB /* Project object */ = {
			isa = PBXProject;
			attributes = {
				LastSwiftUpdateCheck = 1250;
				LastUpgradeCheck = 1250;
				TargetAttributes = {
					620F75A72693D61100C846EB = {
						CreatedOnToolsVersion = 12.5.1;
					};
					620F75BD2693D61300C846EB = {
						CreatedOnToolsVersion = 12.5.1;
						TestTargetID = 620F75A72693D61100C846EB;
					};
					620F75C82693D61300C846EB = {
						CreatedOnToolsVersion = 12.5.1;
						TestTargetID = 620F75A72693D61100C846EB;
					};
				};
			};
			buildConfigurationList = 620F75A32693D61100C846EB /* Build configuration list for PBXProject "UIView的交互属性" */;
			compatibilityVersion = "Xcode 9.3";
			developmentRegion = en;
			hasScannedForEncodings = 0;
			knownRegions = (
				en,
				Base,
			);
			mainGroup = 620F759F2693D61100C846EB;
			productRefGroup = 620F75A92693D61100C846EB /* Products */;
			projectDirPath = "";
			projectRoot = "";
			targets = (
				620F75A72693D61100C846EB /* UIView的交互属性 */,
				620F75BD2693D61300C846EB /* UIView的交互属性Tests */,
				620F75C82693D61300C846EB /* UIView的交互属性UITests */,
			);
		};
/* End PBXProject section */

/* Begin PBXResourcesBuildPhase section */
		620F75A62693D61100C846EB /* Resources */ = {
			isa = PBXResourcesBuildPhase;
			buildActionMask = 2147483647;
			files = (
				620F75B82693D61300C846EB /* LaunchScreen.storyboard in Resources */,
				620F75B52693D61300C846EB /* Assets.xcassets in Resources */,
				620F75B32693D61100C846EB /* Main.storyboard in Resources */,
			);
			runOnlyForDeploymentPostprocessing = 0;
		};
		620F75BC2693D61300C846EB /* Resources */ = {
			isa = PBXResourcesBuildPhase;
			buildActionMask = 2147483647;
			files = (
			);
			runOnlyForDeploymentPostprocessing = 0;
		};
		620F75C72693D61300C846EB /* Resources */ = {
			isa = PBXResourcesBuildPhase;
			buildActionMask = 2147483647;
			files = (
			);
			runOnlyForDeploymentPostprocessing = 0;
		};
/* End PBXResourcesBuildPhase section */

/* Begin PBXSourcesBuildPhase section */
		620F75A42693D61100C846EB /* Sources */ = {
			isa = PBXSourcesBuildPhase;
			buildActionMask = 2147483647;
			files = (
				620F75B02693D61100C846EB /* ViewController.swift in Sources */,
				620F75AC2693D61100C846EB /* AppDelegate.swift in Sources */,
				620F75AE2693D61100C846EB /* SceneDelegate.swift in Sources */,
			);
			runOnlyForDeploymentPostprocessing = 0;
		};
		620F75BA2693D61300C846EB /* Sources */ = {
			isa = PBXSourcesBuildPhase;
			buildActionMask = 2147483647;
			files = (
				620F75C32693D61300C846EB /* UIView_____Tests.swift in Sources */,
			);
			runOnlyForDeploymentPostprocessing = 0;
		};
		620F75C52693D61300C846EB /* Sources */ = {
			isa = PBXSourcesBuildPhase;
			buildActionMask = 2147483647;
			files = (
				620F75CE2693D61300C846EB /* UIView_____UITests.swift in Sources */,
			);
			runOnlyForDeploymentPostprocessing = 0;
		};
/* End PBXSourcesBuildPhase section */

/* Begin PBXTargetDependency section */
		620F75C02693D61300C846EB /* PBXTargetDependency */ = {
			isa = PBXTargetDependency;
			target = 620F75A72693D61100C846EB /* UIView的交互属性 */;
			targetProxy = 620F75BF2693D61300C846EB /* PBXContainerItemProxy */;
		};
		620F75CB2693D61300C846EB /* PBXTargetDependency */ = {
			isa = PBXTargetDependency;
			target = 620F75A72693D61100C846EB /* UIView的交互属性 */;
			targetProxy = 620F75CA2693D61300C846EB /* PBXContainerItemProxy */;
		};
/* End PBXTargetDependency section */

/* Begin PBXVariantGroup section */
		620F75B12693D61100C846EB /* Main.storyboard */ = {
			isa = PBXVariantGroup;
			children = (
				620F75B22693D61100C846EB /* Base */,
			);
			name = Main.storyboard;
			sourceTree = "<group>";
		};
		620F75B62693D61300C846EB /* LaunchScreen.storyboard */ = {
			isa = PBXVariantGroup;
			children = (
				620F75B72693D61300C846EB /* Base */,
			);
			name = LaunchScreen.storyboard;
			sourceTree = "<group>";
		};
/* End PBXVariantGroup section */

/* Begin XCBuildConfiguration section */
		620F75D02693D61300C846EB /* Debug */ = {
			isa = XCBuildConfiguration;
			buildSettings = {
				ALWAYS_SEARCH_USER_PATHS = NO;
				CLANG_ANALYZER_NONNULL = YES;
				CLANG_ANALYZER_NUMBER_OBJECT_CONVERSION = YES_AGGRESSIVE;
				CLANG_CXX_LANGUAGE_STANDARD = "gnu++14";
				CLANG_CXX_LIBRARY = "libc++";
				CLANG_ENABLE_MODULES = YES;
				CLANG_ENABLE_OBJC_ARC = YES;
				CLANG_ENABLE_OBJC_WEAK = YES;
				CLANG_WARN_BLOCK_CAPTURE_AUTORELEASING = YES;
				CLANG_WARN_BOOL_CONVERSION = YES;
				CLANG_WARN_COMMA = YES;
				CLANG_WARN_CONSTANT_CONVERSION = YES;
				CLANG_WARN_DEPRECATED_OBJC_IMPLEMENTATIONS = YES;
				CLANG_WARN_DIRECT_OBJC_ISA_USAGE = YES_ERROR;
				CLANG_WARN_DOCUMENTATION_COMMENTS = YES;
				CLANG_WARN_EMPTY_BODY = YES;
				CLANG_WARN_ENUM_CONVERSION = YES;
				CLANG_WARN_INFINITE_RECURSION = YES;
				CLANG_WARN_INT_CONVERSION = YES;
				CLANG_WARN_NON_LITERAL_NULL_CONVERSION = YES;
				CLANG_WARN_OBJC_IMPLICIT_RETAIN_SELF = YES;
				CLANG_WARN_OBJC_LITERAL_CONVERSION = YES;
				CLANG_WARN_OBJC_ROOT_CLASS = YES_ERROR;
				CLANG_WARN_QUOTED_INCLUDE_IN_FRAMEWORK_HEADER = YES;
				CLANG_WARN_RANGE_LOOP_ANALYSIS = YES;
				CLANG_WARN_STRICT_PROTOTYPES = YES;
				CLANG_WARN_SUSPICIOUS_MOVE = YES;
				CLANG_WARN_UNGUARDED_AVAILABILITY = YES_AGGRESSIVE;
				CLANG_WARN_UNREACHABLE_CODE = YES;
				CLANG_WARN__DUPLICATE_METHOD_MATCH = YES;
				COPY_PHASE_STRIP = NO;
				DEBUG_INFORMATION_FORMAT = dwarf;
				ENABLE_STRICT_OBJC_MSGSEND = YES;
				ENABLE_TESTABILITY = YES;
				GCC_C_LANGUAGE_STANDARD = gnu11;
				GCC_DYNAMIC_NO_PIC = NO;
				GCC_NO_COMMON_BLOCKS = YES;
				GCC_OPTIMIZATION_LEVEL = 0;
				GCC_PREPROCESSOR_DEFINITIONS = (
					"DEBUG=1",
					"$(inherited)",
				);
				GCC_WARN_64_TO_32_BIT_CONVERSION = YES;
				GCC_WARN_ABOUT_RETURN_TYPE = YES_ERROR;
				GCC_WARN_UNDECLARED_SELECTOR = YES;
				GCC_WARN_UNINITIALIZED_AUTOS = YES_AGGRESSIVE;
				GCC_WARN_UNUSED_FUNCTION = YES;
				GCC_WARN_UNUSED_VARIABLE = YES;
				IPHONEOS_DEPLOYMENT_TARGET = 14.5;
				MTL_ENABLE_DEBUG_INFO = INCLUDE_SOURCE;
				MTL_FAST_MATH = YES;
				ONLY_ACTIVE_ARCH = YES;
				SDKROOT = iphoneos;
				SWIFT_ACTIVE_COMPILATION_CONDITIONS = DEBUG;
				SWIFT_OPTIMIZATION_LEVEL = "-Onone";
			};
			name = Debug;
		};
		620F75D12693D61300C846EB /* Release */ = {
			isa = XCBuildConfiguration;
			buildSettings = {
				ALWAYS_SEARCH_USER_PATHS = NO;
				CLANG_ANALYZER_NONNULL = YES;
				CLANG_ANALYZER_NUMBER_OBJECT_CONVERSION = YES_AGGRESSIVE;
				CLANG_CXX_LANGUAGE_STANDARD = "gnu++14";
				CLANG_CXX_LIBRARY = "libc++";
				CLANG_ENABLE_MODULES = YES;
				CLANG_ENABLE_OBJC_ARC = YES;
				CLANG_ENABLE_OBJC_WEAK = YES;
				CLANG_WARN_BLOCK_CAPTURE_AUTORELEASING = YES;
				CLANG_WARN_BOOL_CONVERSION = YES;
				CLANG_WARN_COMMA = YES;
				CLANG_WARN_CONSTANT_CONVERSION = YES;
				CLANG_WARN_DEPRECATED_OBJC_IMPLEMENTATIONS = YES;
				CLANG_WARN_DIRECT_OBJC_ISA_USAGE = YES_ERROR;
				CLANG_WARN_DOCUMENTATION_COMMENTS = YES;
				CLANG_WARN_EMPTY_BODY = YES;
				CLANG_WARN_ENUM_CONVERSION = YES;
				CLANG_WARN_INFINITE_RECURSION = YES;
				CLANG_WARN_INT_CONVERSION = YES;
				CLANG_WARN_NON_LITERAL_NULL_CONVERSION = YES;
				CLANG_WARN_OBJC_IMPLICIT_RETAIN_SELF = YES;
				CLANG_WARN_OBJC_LITERAL_CONVERSION = YES;
				CLANG_WARN_OBJC_ROOT_CLASS = YES_ERROR;
				CLANG_WARN_QUOTED_INCLUDE_IN_FRAMEWORK_HEADER = YES;
				CLANG_WARN_RANGE_LOOP_ANALYSIS = YES;
				CLANG_WARN_STRICT_PROTOTYPES = YES;
				CLANG_WARN_SUSPICIOUS_MOVE = YES;
				CLANG_WARN_UNGUARDED_AVAILABILITY = YES_AGGRESSIVE;
				CLANG_WARN_UNREACHABLE_CODE = YES;
				CLANG_WARN__DUPLICATE_METHOD_MATCH = YES;
				COPY_PHASE_STRIP = NO;
				DEBUG_INFORMATION_FORMAT = "dwarf-with-dsym";
				ENABLE_NS_ASSERTIONS = NO;
				ENABLE_STRICT_OBJC_MSGSEND = YES;
				GCC_C_LANGUAGE_STANDARD = gnu11;
				GCC_NO_COMMON_BLOCKS = YES;
				GCC_WARN_64_TO_32_BIT_CONVERSION = YES;
				GCC_WARN_ABOUT_RETURN_TYPE = YES_ERROR;
				GCC_WARN_UNDECLARED_SELECTOR = YES;
				GCC_WARN_UNINITIALIZED_AUTOS = YES_AGGRESSIVE;
				GCC_WARN_UNUSED_FUNCTION = YES;
				GCC_WARN_UNUSED_VARIABLE = YES;
				IPHONEOS_DEPLOYMENT_TARGET = 14.5;
				MTL_ENABLE_DEBUG_INFO = NO;
				MTL_FAST_MATH = YES;
				SDKROOT = iphoneos;
				SWIFT_COMPILATION_MODE = wholemodule;
				SWIFT_OPTIMIZATION_LEVEL = "-O";
				VALIDATE_PRODUCT = YES;
			};
			name = Release;
		};
		620F75D32693D61300C846EB /* Debug */ = {
			isa = XCBuildConfiguration;
			buildSettings = {
				ASSETCATALOG_COMPILER_APPICON_NAME = AppIcon;
				ASSETCATALOG_COMPILER_GLOBAL_ACCENT_COLOR_NAME = AccentColor;
				CODE_SIGN_STYLE = Automatic;
				DEVELOPMENT_TEAM = S96XJJN35F;
				INFOPLIST_FILE = "UIView的交互属性/Info.plist";
				LD_RUNPATH_SEARCH_PATHS = (
					"$(inherited)",
					"@executable_path/Frameworks",
				);
				PRODUCT_BUNDLE_IDENTIFIER = "com.jialongLiao.UIView-----";
				PRODUCT_NAME = "$(TARGET_NAME)";
				SWIFT_VERSION = 5.0;
				TARGETED_DEVICE_FAMILY = "1,2";
			};
			name = Debug;
		};
		620F75D42693D61300C846EB /* Release */ = {
			isa = XCBuildConfiguration;
			buildSettings = {
				ASSETCATALOG_COMPILER_APPICON_NAME = AppIcon;
				ASSETCATALOG_COMPILER_GLOBAL_ACCENT_COLOR_NAME = AccentColor;
				CODE_SIGN_STYLE = Automatic;
				DEVELOPMENT_TEAM = S96XJJN35F;
				INFOPLIST_FILE = "UIView的交互属性/Info.plist";
				LD_RUNPATH_SEARCH_PATHS = (
					"$(inherited)",
					"@executable_path/Frameworks",
				);
				PRODUCT_BUNDLE_IDENTIFIER = "com.jialongLiao.UIView-----";
				PRODUCT_NAME = "$(TARGET_NAME)";
				SWIFT_VERSION = 5.0;
				TARGETED_DEVICE_FAMILY = "1,2";
			};
			name = Release;
		};
		620F75D62693D61300C846EB /* Debug */ = {
			isa = XCBuildConfiguration;
			buildSettings = {
				ALWAYS_EMBED_SWIFT_STANDARD_LIBRARIES = YES;
				BUNDLE_LOADER = "$(TEST_HOST)";
				CODE_SIGN_STYLE = Automatic;
				DEVELOPMENT_TEAM = S96XJJN35F;
				INFOPLIST_FILE = "UIView的交互属性Tests/Info.plist";
				IPHONEOS_DEPLOYMENT_TARGET = 14.5;
				LD_RUNPATH_SEARCH_PATHS = (
					"$(inherited)",
					"@executable_path/Frameworks",
					"@loader_path/Frameworks",
				);
				PRODUCT_BUNDLE_IDENTIFIER = "com.jialongLiao.UIView-----Tests";
				PRODUCT_NAME = "$(TARGET_NAME)";
				SWIFT_VERSION = 5.0;
				TARGETED_DEVICE_FAMILY = "1,2";
				TEST_HOST = "$(BUILT_PRODUCTS_DIR)/UIView的交互属性.app/UIView的交互属性";
			};
			name = Debug;
		};
		620F75D72693D61300C846EB /* Release */ = {
			isa = XCBuildConfiguration;
			buildSettings = {
				ALWAYS_EMBED_SWIFT_STANDARD_LIBRARIES = YES;
				BUNDLE_LOADER = "$(TEST_HOST)";
				CODE_SIGN_STYLE = Automatic;
				DEVELOPMENT_TEAM = S96XJJN35F;
				INFOPLIST_FILE = "UIView的交互属性Tests/Info.plist";
				IPHONEOS_DEPLOYMENT_TARGET = 14.5;
				LD_RUNPATH_SEARCH_PATHS = (
					"$(inherited)",
					"@executable_path/Frameworks",
					"@loader_path/Frameworks",
				);
				PRODUCT_BUNDLE_IDENTIFIER = "com.jialongLiao.UIView-----Tests";
				PRODUCT_NAME = "$(TARGET_NAME)";
				SWIFT_VERSION = 5.0;
				TARGETED_DEVICE_FAMILY = "1,2";
				TEST_HOST = "$(BUILT_PRODUCTS_DIR)/UIView的交互属性.app/UIView的交互属性";
			};
			name = Release;
		};
		620F75D92693D61300C846EB /* Debug */ = {
			isa = XCBuildConfiguration;
			buildSettings = {
				ALWAYS_EMBED_SWIFT_STANDARD_LIBRARIES = YES;
				CODE_SIGN_STYLE = Automatic;
				DEVELOPMENT_TEAM = S96XJJN35F;
				INFOPLIST_FILE = "UIView的交互属性UITests/Info.plist";
				LD_RUNPATH_SEARCH_PATHS = (
					"$(inherited)",
					"@executable_path/Frameworks",
					"@loader_path/Frameworks",
				);
				PRODUCT_BUNDLE_IDENTIFIER = "com.jialongLiao.UIView-----UITests";
				PRODUCT_NAME = "$(TARGET_NAME)";
				SWIFT_VERSION = 5.0;
				TARGETED_DEVICE_FAMILY = "1,2";
				TEST_TARGET_NAME = "UIView的交互属性";
			};
			name = Debug;
		};
		620F75DA2693D61300C846EB /* Release */ = {
			isa = XCBuildConfiguration;
			buildSettings = {
				ALWAYS_EMBED_SWIFT_STANDARD_LIBRARIES = YES;
				CODE_SIGN_STYLE = Automatic;
				DEVELOPMENT_TEAM = S96XJJN35F;
				INFOPLIST_FILE = "UIView的交互属性UITests/Info.plist";
				LD_RUNPATH_SEARCH_PATHS = (
					"$(inherited)",
					"@executable_path/Frameworks",
					"@loader_path/Frameworks",
				);
				PRODUCT_BUNDLE_IDENTIFIER = "com.jialongLiao.UIView-----UITests";
				PRODUCT_NAME = "$(TARGET_NAME)";
				SWIFT_VERSION = 5.0;
				TARGETED_DEVICE_FAMILY = "1,2";
				TEST_TARGET_NAME = "UIView的交互属性";
			};
			name = Release;
		};
/* End XCBuildConfiguration section */

/* Begin XCConfigurationList section */
		620F75A32693D61100C846EB /* Build configuration list for PBXProject "UIView的交互属性" */ = {
			isa = XCConfigurationList;
			buildConfigurations = (
				620F75D02693D61300C846EB /* Debug */,
				620F75D12693D61300C846EB /* Release */,
			);
			defaultConfigurationIsVisible = 0;
			defaultConfigurationName = Release;
		};
		620F75D22693D61300C846EB /* Build configuration list for PBXNativeTarget "UIView的交互属性" */ = {
			isa = XCConfigurationList;
			buildConfigurations = (
				620F75D32693D61300C846EB /* Debug */,
				620F75D42693D61300C846EB /* Release */,
			);
			defaultConfigurationIsVisible = 0;
			defaultConfigurationName = Release;
		};
		620F75D52693D61300C846EB /* Build configuration list for PBXNativeTarget "UIView的交互属性Tests" */ = {
			isa = XCConfigurationList;
			buildConfigurations = (
				620F75D62693D61300C846EB /* Debug */,
				620F75D72693D61300C846EB /* Release */,
			);
			defaultConfigurationIsVisible = 0;
			defaultConfigurationName = Release;
		};
		620F75D82693D61300C846EB /* Build configuration list for PBXNativeTarget "UIView的交互属性UITests" */ = {
			isa = XCConfigurationList;
			buildConfigurations = (
				620F75D92693D61300C846EB /* Debug */,
				620F75DA2693D61300C846EB /* Release */,
			);
			defaultConfigurationIsVisible = 0;
			defaultConfigurationName = Release;
		};
/* End XCConfigurationList section */
	};
	rootObject = 620F75A02693D61100C846EB /* Project object */;
}
