// !$*UTF8*$!
{
	archiveVersion = 1;
	classes = {
	};
	objectVersion = 50;
	objects = {

/* Begin PBXBuildFile section */
		6272A11626A7E04300A0C411 /* AppDelegate.swift in Sources */ = {isa = PBXBuildFile; fileRef = 6272A11526A7E04300A0C411 /* AppDelegate.swift */; };
		6272A11826A7E04300A0C411 /* SceneDelegate.swift in Sources */ = {isa = PBXBuildFile; fileRef = 6272A11726A7E04300A0C411 /* SceneDelegate.swift */; };
		6272A11A26A7E04300A0C411 /* ViewController.swift in Sources */ = {isa = PBXBuildFile; fileRef = 6272A11926A7E04300A0C411 /* ViewController.swift */; };
		6272A11D26A7E04300A0C411 /* Main.storyboard in Resources */ = {isa = PBXBuildFile; fileRef = 6272A11B26A7E04300A0C411 /* Main.storyboard */; };
		6272A11F26A7E04500A0C411 /* Assets.xcassets in Resources */ = {isa = PBXBuildFile; fileRef = 6272A11E26A7E04500A0C411 /* Assets.xcassets */; };
		6272A12226A7E04500A0C411 /* LaunchScreen.storyboard in Resources */ = {isa = PBXBuildFile; fileRef = 6272A12026A7E04500A0C411 /* LaunchScreen.storyboard */; };
		6272A12D26A7E04500A0C411 /* __________Tests.swift in Sources */ = {isa = PBXBuildFile; fileRef = 6272A12C26A7E04500A0C411 /* __________Tests.swift */; };
		6272A13826A7E04500A0C411 /* __________UITests.swift in Sources */ = {isa = PBXBuildFile; fileRef = 6272A13726A7E04500A0C411 /* __________UITests.swift */; };
		6272A14626A7E08700A0C411 /* NoteBook.html in Resources */ = {isa = PBXBuildFile; fileRef = 6272A14526A7E08700A0C411 /* NoteBook.html */; };
		6272A14826A7E0B100A0C411 /* bg.png in Resources */ = {isa = PBXBuildFile; fileRef = 6272A14726A7E0B100A0C411 /* bg.png */; };
		6272A14A26A7E0BB00A0C411 /* Coffee.png in Resources */ = {isa = PBXBuildFile; fileRef = 6272A14926A7E0BB00A0C411 /* Coffee.png */; };
		6272A14C26A7E0CD00A0C411 /* defaultErrorPic.png in Resources */ = {isa = PBXBuildFile; fileRef = 6272A14B26A7E0CD00A0C411 /* defaultErrorPic.png */; };
		6272A14E26A7E0D500A0C411 /* deleteImage.png in Resources */ = {isa = PBXBuildFile; fileRef = 6272A14D26A7E0D500A0C411 /* deleteImage.png */; };
/* End PBXBuildFile section */

/* Begin PBXContainerItemProxy section */
		6272A12926A7E04500A0C411 /* PBXContainerItemProxy */ = {
			isa = PBXContainerItemProxy;
			containerPortal = 6272A10A26A7E04300A0C411 /* Project object */;
			proxyType = 1;
			remoteGlobalIDString = 6272A11126A7E04300A0C411;
			remoteInfo = "创建一个简单的笔记本";
		};
		6272A13426A7E04500A0C411 /* PBXContainerItemProxy */ = {
			isa = PBXContainerItemProxy;
			containerPortal = 6272A10A26A7E04300A0C411 /* Project object */;
			proxyType = 1;
			remoteGlobalIDString = 6272A11126A7E04300A0C411;
			remoteInfo = "创建一个简单的笔记本";
		};
/* End PBXContainerItemProxy section */

/* Begin PBXFileReference section */
		6272A11226A7E04300A0C411 /* 创建一个简单的笔记本.app */ = {isa = PBXFileReference; explicitFileType = wrapper.application; includeInIndex = 0; path = "创建一个简单的笔记本.app"; sourceTree = BUILT_PRODUCTS_DIR; };
		6272A11526A7E04300A0C411 /* AppDelegate.swift */ = {isa = PBXFileReference; lastKnownFileType = sourcecode.swift; path = AppDelegate.swift; sourceTree = "<group>"; };
		6272A11726A7E04300A0C411 /* SceneDelegate.swift */ = {isa = PBXFileReference; lastKnownFileType = sourcecode.swift; path = SceneDelegate.swift; sourceTree = "<group>"; };
		6272A11926A7E04300A0C411 /* ViewController.swift */ = {isa = PBXFileReference; lastKnownFileType = sourcecode.swift; path = ViewController.swift; sourceTree = "<group>"; };
		6272A11C26A7E04300A0C411 /* Base */ = {isa = PBXFileReference; lastKnownFileType = file.storyboard; name = Base; path = Base.lproj/Main.storyboard; sourceTree = "<group>"; };
		6272A11E26A7E04500A0C411 /* Assets.xcassets */ = {isa = PBXFileReference; lastKnownFileType = folder.assetcatalog; path = Assets.xcassets; sourceTree = "<group>"; };
		6272A12126A7E04500A0C411 /* Base */ = {isa = PBXFileReference; lastKnownFileType = file.storyboard; name = Base; path = Base.lproj/LaunchScreen.storyboard; sourceTree = "<group>"; };
		6272A12326A7E04500A0C411 /* Info.plist */ = {isa = PBXFileReference; lastKnownFileType = text.plist.xml; path = Info.plist; sourceTree = "<group>"; };
		6272A12826A7E04500A0C411 /* 创建一个简单的笔记本Tests.xctest */ = {isa = PBXFileReference; explicitFileType = wrapper.cfbundle; includeInIndex = 0; path = "创建一个简单的笔记本Tests.xctest"; sourceTree = BUILT_PRODUCTS_DIR; };
		6272A12C26A7E04500A0C411 /* __________Tests.swift */ = {isa = PBXFileReference; lastKnownFileType = sourcecode.swift; path = "__________Tests.swift"; sourceTree = "<group>"; };
		6272A12E26A7E04500A0C411 /* Info.plist */ = {isa = PBXFileReference; lastKnownFileType = text.plist.xml; path = Info.plist; sourceTree = "<group>"; };
		6272A13326A7E04500A0C411 /* 创建一个简单的笔记本UITests.xctest */ = {isa = PBXFileReference; explicitFileType = wrapper.cfbundle; includeInIndex = 0; path = "创建一个简单的笔记本UITests.xctest"; sourceTree = BUILT_PRODUCTS_DIR; };
		6272A13726A7E04500A0C411 /* __________UITests.swift */ = {isa = PBXFileReference; lastKnownFileType = sourcecode.swift; path = "__________UITests.swift"; sourceTree = "<group>"; };
		6272A13926A7E04500A0C411 /* Info.plist */ = {isa = PBXFileReference; lastKnownFileType = text.plist.xml; path = Info.plist; sourceTree = "<group>"; };
		6272A14526A7E08700A0C411 /* NoteBook.html */ = {isa = PBXFileReference; lastKnownFileType = text.html; path = NoteBook.html; sourceTree = "<group>"; };
		6272A14726A7E0B100A0C411 /* bg.png */ = {isa = PBXFileReference; lastKnownFileType = image.png; path = bg.png; sourceTree = "<group>"; };
		6272A14926A7E0BB00A0C411 /* Coffee.png */ = {isa = PBXFileReference; lastKnownFileType = image.png; path = Coffee.png; sourceTree = "<group>"; };
		6272A14B26A7E0CD00A0C411 /* defaultErrorPic.png */ = {isa = PBXFileReference; lastKnownFileType = image.png; path = defaultErrorPic.png; sourceTree = "<group>"; };
		6272A14D26A7E0D500A0C411 /* deleteImage.png */ = {isa = PBXFileReference; lastKnownFileType = image.png; path = deleteImage.png; sourceTree = "<group>"; };
/* End PBXFileReference section */

/* Begin PBXFrameworksBuildPhase section */
		6272A10F26A7E04300A0C411 /* Frameworks */ = {
			isa = PBXFrameworksBuildPhase;
			buildActionMask = 2147483647;
			files = (
			);
			runOnlyForDeploymentPostprocessing = 0;
		};
		6272A12526A7E04500A0C411 /* Frameworks */ = {
			isa = PBXFrameworksBuildPhase;
			buildActionMask = 2147483647;
			files = (
			);
			runOnlyForDeploymentPostprocessing = 0;
		};
		6272A13026A7E04500A0C411 /* Frameworks */ = {
			isa = PBXFrameworksBuildPhase;
			buildActionMask = 2147483647;
			files = (
			);
			runOnlyForDeploymentPostprocessing = 0;
		};
/* End PBXFrameworksBuildPhase section */

/* Begin PBXGroup section */
		6272A10926A7E04300A0C411 = {
			isa = PBXGroup;
			children = (
				6272A11426A7E04300A0C411 /* 创建一个简单的笔记本 */,
				6272A12B26A7E04500A0C411 /* 创建一个简单的笔记本Tests */,
				6272A13626A7E04500A0C411 /* 创建一个简单的笔记本UITests */,
				6272A11326A7E04300A0C411 /* Products */,
			);
			sourceTree = "<group>";
		};
		6272A11326A7E04300A0C411 /* Products */ = {
			isa = PBXGroup;
			children = (
				6272A11226A7E04300A0C411 /* 创建一个简单的笔记本.app */,
				6272A12826A7E04500A0C411 /* 创建一个简单的笔记本Tests.xctest */,
				6272A13326A7E04500A0C411 /* 创建一个简单的笔记本UITests.xctest */,
			);
			name = Products;
			sourceTree = "<group>";
		};
		6272A11426A7E04300A0C411 /* 创建一个简单的笔记本 */ = {
			isa = PBXGroup;
			children = (
				6272A14726A7E0B100A0C411 /* bg.png */,
				6272A14926A7E0BB00A0C411 /* Coffee.png */,
				6272A14B26A7E0CD00A0C411 /* defaultErrorPic.png */,
				6272A14D26A7E0D500A0C411 /* deleteImage.png */,
				6272A11526A7E04300A0C411 /* AppDelegate.swift */,
				6272A11726A7E04300A0C411 /* SceneDelegate.swift */,
				6272A11926A7E04300A0C411 /* ViewController.swift */,
				6272A11B26A7E04300A0C411 /* Main.storyboard */,
				6272A11E26A7E04500A0C411 /* Assets.xcassets */,
				6272A12026A7E04500A0C411 /* LaunchScreen.storyboard */,
				6272A12326A7E04500A0C411 /* Info.plist */,
				6272A14526A7E08700A0C411 /* NoteBook.html */,
			);
			path = "创建一个简单的笔记本";
			sourceTree = "<group>";
		};
		6272A12B26A7E04500A0C411 /* 创建一个简单的笔记本Tests */ = {
			isa = PBXGroup;
			children = (
				6272A12C26A7E04500A0C411 /* __________Tests.swift */,
				6272A12E26A7E04500A0C411 /* Info.plist */,
			);
			path = "创建一个简单的笔记本Tests";
			sourceTree = "<group>";
		};
		6272A13626A7E04500A0C411 /* 创建一个简单的笔记本UITests */ = {
			isa = PBXGroup;
			children = (
				6272A13726A7E04500A0C411 /* __________UITests.swift */,
				6272A13926A7E04500A0C411 /* Info.plist */,
			);
			path = "创建一个简单的笔记本UITests";
			sourceTree = "<group>";
		};
/* End PBXGroup section */

/* Begin PBXNativeTarget section */
		6272A11126A7E04300A0C411 /* 创建一个简单的笔记本 */ = {
			isa = PBXNativeTarget;
			buildConfigurationList = 6272A13C26A7E04500A0C411 /* Build configuration list for PBXNativeTarget "创建一个简单的笔记本" */;
			buildPhases = (
				6272A10E26A7E04300A0C411 /* Sources */,
				6272A10F26A7E04300A0C411 /* Frameworks */,
				6272A11026A7E04300A0C411 /* Resources */,
			);
			buildRules = (
			);
			dependencies = (
			);
			name = "创建一个简单的笔记本";
			productName = "创建一个简单的笔记本";
			productReference = 6272A11226A7E04300A0C411 /* 创建一个简单的笔记本.app */;
			productType = "com.apple.product-type.application";
		};
		6272A12726A7E04500A0C411 /* 创建一个简单的笔记本Tests */ = {
			isa = PBXNativeTarget;
			buildConfigurationList = 6272A13F26A7E04500A0C411 /* Build configuration list for PBXNativeTarget "创建一个简单的笔记本Tests" */;
			buildPhases = (
				6272A12426A7E04500A0C411 /* Sources */,
				6272A12526A7E04500A0C411 /* Frameworks */,
				6272A12626A7E04500A0C411 /* Resources */,
			);
			buildRules = (
			);
			dependencies = (
				6272A12A26A7E04500A0C411 /* PBXTargetDependency */,
			);
			name = "创建一个简单的笔记本Tests";
			productName = "创建一个简单的笔记本Tests";
			productReference = 6272A12826A7E04500A0C411 /* 创建一个简单的笔记本Tests.xctest */;
			productType = "com.apple.product-type.bundle.unit-test";
		};
		6272A13226A7E04500A0C411 /* 创建一个简单的笔记本UITests */ = {
			isa = PBXNativeTarget;
			buildConfigurationList = 6272A14226A7E04500A0C411 /* Build configuration list for PBXNativeTarget "创建一个简单的笔记本UITests" */;
			buildPhases = (
				6272A12F26A7E04500A0C411 /* Sources */,
				6272A13026A7E04500A0C411 /* Frameworks */,
				6272A13126A7E04500A0C411 /* Resources */,
			);
			buildRules = (
			);
			dependencies = (
				6272A13526A7E04500A0C411 /* PBXTargetDependency */,
			);
			name = "创建一个简单的笔记本UITests";
			productName = "创建一个简单的笔记本UITests";
			productReference = 6272A13326A7E04500A0C411 /* 创建一个简单的笔记本UITests.xctest */;
			productType = "com.apple.product-type.bundle.ui-testing";
		};
/* End PBXNativeTarget section */

/* Begin PBXProject section */
		6272A10A26A7E04300A0C411 /* Project object */ = {
			isa = PBXProject;
			attributes = {
				LastSwiftUpdateCheck = 1250;
				LastUpgradeCheck = 1250;
				TargetAttributes = {
					6272A11126A7E04300A0C411 = {
						CreatedOnToolsVersion = 12.5.1;
					};
					6272A12726A7E04500A0C411 = {
						CreatedOnToolsVersion = 12.5.1;
						TestTargetID = 6272A11126A7E04300A0C411;
					};
					6272A13226A7E04500A0C411 = {
						CreatedOnToolsVersion = 12.5.1;
						TestTargetID = 6272A11126A7E04300A0C411;
					};
				};
			};
			buildConfigurationList = 6272A10D26A7E04300A0C411 /* Build configuration list for PBXProject "创建一个简单的笔记本" */;
			compatibilityVersion = "Xcode 9.3";
			developmentRegion = en;
			hasScannedForEncodings = 0;
			knownRegions = (
				en,
				Base,
			);
			mainGroup = 6272A10926A7E04300A0C411;
			productRefGroup = 6272A11326A7E04300A0C411 /* Products */;
			projectDirPath = "";
			projectRoot = "";
			targets = (
				6272A11126A7E04300A0C411 /* 创建一个简单的笔记本 */,
				6272A12726A7E04500A0C411 /* 创建一个简单的笔记本Tests */,
				6272A13226A7E04500A0C411 /* 创建一个简单的笔记本UITests */,
			);
		};
/* End PBXProject section */

/* Begin PBXResourcesBuildPhase section */
		6272A11026A7E04300A0C411 /* Resources */ = {
			isa = PBXResourcesBuildPhase;
			buildActionMask = 2147483647;
			files = (
				6272A14E26A7E0D500A0C411 /* deleteImage.png in Resources */,
				6272A14826A7E0B100A0C411 /* bg.png in Resources */,
				6272A14A26A7E0BB00A0C411 /* Coffee.png in Resources */,
				6272A14C26A7E0CD00A0C411 /* defaultErrorPic.png in Resources */,
				6272A12226A7E04500A0C411 /* LaunchScreen.storyboard in Resources */,
				6272A14626A7E08700A0C411 /* NoteBook.html in Resources */,
				6272A11F26A7E04500A0C411 /* Assets.xcassets in Resources */,
				6272A11D26A7E04300A0C411 /* Main.storyboard in Resources */,
			);
			runOnlyForDeploymentPostprocessing = 0;
		};
		6272A12626A7E04500A0C411 /* Resources */ = {
			isa = PBXResourcesBuildPhase;
			buildActionMask = 2147483647;
			files = (
			);
			runOnlyForDeploymentPostprocessing = 0;
		};
		6272A13126A7E04500A0C411 /* Resources */ = {
			isa = PBXResourcesBuildPhase;
			buildActionMask = 2147483647;
			files = (
			);
			runOnlyForDeploymentPostprocessing = 0;
		};
/* End PBXResourcesBuildPhase section */

/* Begin PBXSourcesBuildPhase section */
		6272A10E26A7E04300A0C411 /* Sources */ = {
			isa = PBXSourcesBuildPhase;
			buildActionMask = 2147483647;
			files = (
				6272A11A26A7E04300A0C411 /* ViewController.swift in Sources */,
				6272A11626A7E04300A0C411 /* AppDelegate.swift in Sources */,
				6272A11826A7E04300A0C411 /* SceneDelegate.swift in Sources */,
			);
			runOnlyForDeploymentPostprocessing = 0;
		};
		6272A12426A7E04500A0C411 /* Sources */ = {
			isa = PBXSourcesBuildPhase;
			buildActionMask = 2147483647;
			files = (
				6272A12D26A7E04500A0C411 /* __________Tests.swift in Sources */,
			);
			runOnlyForDeploymentPostprocessing = 0;
		};
		6272A12F26A7E04500A0C411 /* Sources */ = {
			isa = PBXSourcesBuildPhase;
			buildActionMask = 2147483647;
			files = (
				6272A13826A7E04500A0C411 /* __________UITests.swift in Sources */,
			);
			runOnlyForDeploymentPostprocessing = 0;
		};
/* End PBXSourcesBuildPhase section */

/* Begin PBXTargetDependency section */
		6272A12A26A7E04500A0C411 /* PBXTargetDependency */ = {
			isa = PBXTargetDependency;
			target = 6272A11126A7E04300A0C411 /* 创建一个简单的笔记本 */;
			targetProxy = 6272A12926A7E04500A0C411 /* PBXContainerItemProxy */;
		};
		6272A13526A7E04500A0C411 /* PBXTargetDependency */ = {
			isa = PBXTargetDependency;
			target = 6272A11126A7E04300A0C411 /* 创建一个简单的笔记本 */;
			targetProxy = 6272A13426A7E04500A0C411 /* PBXContainerItemProxy */;
		};
/* End PBXTargetDependency section */

/* Begin PBXVariantGroup section */
		6272A11B26A7E04300A0C411 /* Main.storyboard */ = {
			isa = PBXVariantGroup;
			children = (
				6272A11C26A7E04300A0C411 /* Base */,
			);
			name = Main.storyboard;
			sourceTree = "<group>";
		};
		6272A12026A7E04500A0C411 /* LaunchScreen.storyboard */ = {
			isa = PBXVariantGroup;
			children = (
				6272A12126A7E04500A0C411 /* Base */,
			);
			name = LaunchScreen.storyboard;
			sourceTree = "<group>";
		};
/* End PBXVariantGroup section */

/* Begin XCBuildConfiguration section */
		6272A13A26A7E04500A0C411 /* Debug */ = {
			isa = XCBuildConfiguration;
			buildSettings = {
				ALWAYS_SEARCH_USER_PATHS = NO;
				CLANG_ANALYZER_NONNULL = YES;
				CLANG_ANALYZER_NUMBER_OBJECT_CONVERSION = YES_AGGRESSIVE;
				CLANG_CXX_LANGUAGE_STANDARD = "gnu++14";
				CLANG_CXX_LIBRARY = "libc++";
				CLANG_ENABLE_MODULES = YES;
				CLANG_ENABLE_OBJC_ARC = YES;
				CLANG_ENABLE_OBJC_WEAK = YES;
				CLANG_WARN_BLOCK_CAPTURE_AUTORELEASING = YES;
				CLANG_WARN_BOOL_CONVERSION = YES;
				CLANG_WARN_COMMA = YES;
				CLANG_WARN_CONSTANT_CONVERSION = YES;
				CLANG_WARN_DEPRECATED_OBJC_IMPLEMENTATIONS = YES;
				CLANG_WARN_DIRECT_OBJC_ISA_USAGE = YES_ERROR;
				CLANG_WARN_DOCUMENTATION_COMMENTS = YES;
				CLANG_WARN_EMPTY_BODY = YES;
				CLANG_WARN_ENUM_CONVERSION = YES;
				CLANG_WARN_INFINITE_RECURSION = YES;
				CLANG_WARN_INT_CONVERSION = YES;
				CLANG_WARN_NON_LITERAL_NULL_CONVERSION = YES;
				CLANG_WARN_OBJC_IMPLICIT_RETAIN_SELF = YES;
				CLANG_WARN_OBJC_LITERAL_CONVERSION = YES;
				CLANG_WARN_OBJC_ROOT_CLASS = YES_ERROR;
				CLANG_WARN_QUOTED_INCLUDE_IN_FRAMEWORK_HEADER = YES;
				CLANG_WARN_RANGE_LOOP_ANALYSIS = YES;
				CLANG_WARN_STRICT_PROTOTYPES = YES;
				CLANG_WARN_SUSPICIOUS_MOVE = YES;
				CLANG_WARN_UNGUARDED_AVAILABILITY = YES_AGGRESSIVE;
				CLANG_WARN_UNREACHABLE_CODE = YES;
				CLANG_WARN__DUPLICATE_METHOD_MATCH = YES;
				COPY_PHASE_STRIP = NO;
				DEBUG_INFORMATION_FORMAT = dwarf;
				ENABLE_STRICT_OBJC_MSGSEND = YES;
				ENABLE_TESTABILITY = YES;
				GCC_C_LANGUAGE_STANDARD = gnu11;
				GCC_DYNAMIC_NO_PIC = NO;
				GCC_NO_COMMON_BLOCKS = YES;
				GCC_OPTIMIZATION_LEVEL = 0;
				GCC_PREPROCESSOR_DEFINITIONS = (
					"DEBUG=1",
					"$(inherited)",
				);
				GCC_WARN_64_TO_32_BIT_CONVERSION = YES;
				GCC_WARN_ABOUT_RETURN_TYPE = YES_ERROR;
				GCC_WARN_UNDECLARED_SELECTOR = YES;
				GCC_WARN_UNINITIALIZED_AUTOS = YES_AGGRESSIVE;
				GCC_WARN_UNUSED_FUNCTION = YES;
				GCC_WARN_UNUSED_VARIABLE = YES;
				IPHONEOS_DEPLOYMENT_TARGET = 14.5;
				MTL_ENABLE_DEBUG_INFO = INCLUDE_SOURCE;
				MTL_FAST_MATH = YES;
				ONLY_ACTIVE_ARCH = YES;
				SDKROOT = iphoneos;
				SWIFT_ACTIVE_COMPILATION_CONDITIONS = DEBUG;
				SWIFT_OPTIMIZATION_LEVEL = "-Onone";
			};
			name = Debug;
		};
		6272A13B26A7E04500A0C411 /* Release */ = {
			isa = XCBuildConfiguration;
			buildSettings = {
				ALWAYS_SEARCH_USER_PATHS = NO;
				CLANG_ANALYZER_NONNULL = YES;
				CLANG_ANALYZER_NUMBER_OBJECT_CONVERSION = YES_AGGRESSIVE;
				CLANG_CXX_LANGUAGE_STANDARD = "gnu++14";
				CLANG_CXX_LIBRARY = "libc++";
				CLANG_ENABLE_MODULES = YES;
				CLANG_ENABLE_OBJC_ARC = YES;
				CLANG_ENABLE_OBJC_WEAK = YES;
				CLANG_WARN_BLOCK_CAPTURE_AUTORELEASING = YES;
				CLANG_WARN_BOOL_CONVERSION = YES;
				CLANG_WARN_COMMA = YES;
				CLANG_WARN_CONSTANT_CONVERSION = YES;
				CLANG_WARN_DEPRECATED_OBJC_IMPLEMENTATIONS = YES;
				CLANG_WARN_DIRECT_OBJC_ISA_USAGE = YES_ERROR;
				CLANG_WARN_DOCUMENTATION_COMMENTS = YES;
				CLANG_WARN_EMPTY_BODY = YES;
				CLANG_WARN_ENUM_CONVERSION = YES;
				CLANG_WARN_INFINITE_RECURSION = YES;
				CLANG_WARN_INT_CONVERSION = YES;
				CLANG_WARN_NON_LITERAL_NULL_CONVERSION = YES;
				CLANG_WARN_OBJC_IMPLICIT_RETAIN_SELF = YES;
				CLANG_WARN_OBJC_LITERAL_CONVERSION = YES;
				CLANG_WARN_OBJC_ROOT_CLASS = YES_ERROR;
				CLANG_WARN_QUOTED_INCLUDE_IN_FRAMEWORK_HEADER = YES;
				CLANG_WARN_RANGE_LOOP_ANALYSIS = YES;
				CLANG_WARN_STRICT_PROTOTYPES = YES;
				CLANG_WARN_SUSPICIOUS_MOVE = YES;
				CLANG_WARN_UNGUARDED_AVAILABILITY = YES_AGGRESSIVE;
				CLANG_WARN_UNREACHABLE_CODE = YES;
				CLANG_WARN__DUPLICATE_METHOD_MATCH = YES;
				COPY_PHASE_STRIP = NO;
				DEBUG_INFORMATION_FORMAT = "dwarf-with-dsym";
				ENABLE_NS_ASSERTIONS = NO;
				ENABLE_STRICT_OBJC_MSGSEND = YES;
				GCC_C_LANGUAGE_STANDARD = gnu11;
				GCC_NO_COMMON_BLOCKS = YES;
				GCC_WARN_64_TO_32_BIT_CONVERSION = YES;
				GCC_WARN_ABOUT_RETURN_TYPE = YES_ERROR;
				GCC_WARN_UNDECLARED_SELECTOR = YES;
				GCC_WARN_UNINITIALIZED_AUTOS = YES_AGGRESSIVE;
				GCC_WARN_UNUSED_FUNCTION = YES;
				GCC_WARN_UNUSED_VARIABLE = YES;
				IPHONEOS_DEPLOYMENT_TARGET = 14.5;
				MTL_ENABLE_DEBUG_INFO = NO;
				MTL_FAST_MATH = YES;
				SDKROOT = iphoneos;
				SWIFT_COMPILATION_MODE = wholemodule;
				SWIFT_OPTIMIZATION_LEVEL = "-O";
				VALIDATE_PRODUCT = YES;
			};
			name = Release;
		};
		6272A13D26A7E04500A0C411 /* Debug */ = {
			isa = XCBuildConfiguration;
			buildSettings = {
				ASSETCATALOG_COMPILER_APPICON_NAME = AppIcon;
				ASSETCATALOG_COMPILER_GLOBAL_ACCENT_COLOR_NAME = AccentColor;
				CODE_SIGN_STYLE = Automatic;
				DEVELOPMENT_TEAM = S96XJJN35F;
				INFOPLIST_FILE = "创建一个简单的笔记本/Info.plist";
				LD_RUNPATH_SEARCH_PATHS = (
					"$(inherited)",
					"@executable_path/Frameworks",
				);
				PRODUCT_BUNDLE_IDENTIFIER = "com.jialongLiao.----------";
				PRODUCT_NAME = "$(TARGET_NAME)";
				SWIFT_VERSION = 5.0;
				TARGETED_DEVICE_FAMILY = "1,2";
			};
			name = Debug;
		};
		6272A13E26A7E04500A0C411 /* Release */ = {
			isa = XCBuildConfiguration;
			buildSettings = {
				ASSETCATALOG_COMPILER_APPICON_NAME = AppIcon;
				ASSETCATALOG_COMPILER_GLOBAL_ACCENT_COLOR_NAME = AccentColor;
				CODE_SIGN_STYLE = Automatic;
				DEVELOPMENT_TEAM = S96XJJN35F;
				INFOPLIST_FILE = "创建一个简单的笔记本/Info.plist";
				LD_RUNPATH_SEARCH_PATHS = (
					"$(inherited)",
					"@executable_path/Frameworks",
				);
				PRODUCT_BUNDLE_IDENTIFIER = "com.jialongLiao.----------";
				PRODUCT_NAME = "$(TARGET_NAME)";
				SWIFT_VERSION = 5.0;
				TARGETED_DEVICE_FAMILY = "1,2";
			};
			name = Release;
		};
		6272A14026A7E04500A0C411 /* Debug */ = {
			isa = XCBuildConfiguration;
			buildSettings = {
				ALWAYS_EMBED_SWIFT_STANDARD_LIBRARIES = YES;
				BUNDLE_LOADER = "$(TEST_HOST)";
				CODE_SIGN_STYLE = Automatic;
				DEVELOPMENT_TEAM = S96XJJN35F;
				INFOPLIST_FILE = "创建一个简单的笔记本Tests/Info.plist";
				IPHONEOS_DEPLOYMENT_TARGET = 14.5;
				LD_RUNPATH_SEARCH_PATHS = (
					"$(inherited)",
					"@executable_path/Frameworks",
					"@loader_path/Frameworks",
				);
				PRODUCT_BUNDLE_IDENTIFIER = "com.jialongLiao.----------Tests";
				PRODUCT_NAME = "$(TARGET_NAME)";
				SWIFT_VERSION = 5.0;
				TARGETED_DEVICE_FAMILY = "1,2";
				TEST_HOST = "$(BUILT_PRODUCTS_DIR)/创建一个简单的笔记本.app/创建一个简单的笔记本";
			};
			name = Debug;
		};
		6272A14126A7E04500A0C411 /* Release */ = {
			isa = XCBuildConfiguration;
			buildSettings = {
				ALWAYS_EMBED_SWIFT_STANDARD_LIBRARIES = YES;
				BUNDLE_LOADER = "$(TEST_HOST)";
				CODE_SIGN_STYLE = Automatic;
				DEVELOPMENT_TEAM = S96XJJN35F;
				INFOPLIST_FILE = "创建一个简单的笔记本Tests/Info.plist";
				IPHONEOS_DEPLOYMENT_TARGET = 14.5;
				LD_RUNPATH_SEARCH_PATHS = (
					"$(inherited)",
					"@executable_path/Frameworks",
					"@loader_path/Frameworks",
				);
				PRODUCT_BUNDLE_IDENTIFIER = "com.jialongLiao.----------Tests";
				PRODUCT_NAME = "$(TARGET_NAME)";
				SWIFT_VERSION = 5.0;
				TARGETED_DEVICE_FAMILY = "1,2";
				TEST_HOST = "$(BUILT_PRODUCTS_DIR)/创建一个简单的笔记本.app/创建一个简单的笔记本";
			};
			name = Release;
		};
		6272A14326A7E04500A0C411 /* Debug */ = {
			isa = XCBuildConfiguration;
			buildSettings = {
				ALWAYS_EMBED_SWIFT_STANDARD_LIBRARIES = YES;
				CODE_SIGN_STYLE = Automatic;
				DEVELOPMENT_TEAM = S96XJJN35F;
				INFOPLIST_FILE = "创建一个简单的笔记本UITests/Info.plist";
				LD_RUNPATH_SEARCH_PATHS = (
					"$(inherited)",
					"@executable_path/Frameworks",
					"@loader_path/Frameworks",
				);
				PRODUCT_BUNDLE_IDENTIFIER = "com.jialongLiao.----------UITests";
				PRODUCT_NAME = "$(TARGET_NAME)";
				SWIFT_VERSION = 5.0;
				TARGETED_DEVICE_FAMILY = "1,2";
				TEST_TARGET_NAME = "创建一个简单的笔记本";
			};
			name = Debug;
		};
		6272A14426A7E04500A0C411 /* Release */ = {
			isa = XCBuildConfiguration;
			buildSettings = {
				ALWAYS_EMBED_SWIFT_STANDARD_LIBRARIES = YES;
				CODE_SIGN_STYLE = Automatic;
				DEVELOPMENT_TEAM = S96XJJN35F;
				INFOPLIST_FILE = "创建一个简单的笔记本UITests/Info.plist";
				LD_RUNPATH_SEARCH_PATHS = (
					"$(inherited)",
					"@executable_path/Frameworks",
					"@loader_path/Frameworks",
				);
				PRODUCT_BUNDLE_IDENTIFIER = "com.jialongLiao.----------UITests";
				PRODUCT_NAME = "$(TARGET_NAME)";
				SWIFT_VERSION = 5.0;
				TARGETED_DEVICE_FAMILY = "1,2";
				TEST_TARGET_NAME = "创建一个简单的笔记本";
			};
			name = Release;
		};
/* End XCBuildConfiguration section */

/* Begin XCConfigurationList section */
		6272A10D26A7E04300A0C411 /* Build configuration list for PBXProject "创建一个简单的笔记本" */ = {
			isa = XCConfigurationList;
			buildConfigurations = (
				6272A13A26A7E04500A0C411 /* Debug */,
				6272A13B26A7E04500A0C411 /* Release */,
			);
			defaultConfigurationIsVisible = 0;
			defaultConfigurationName = Release;
		};
		6272A13C26A7E04500A0C411 /* Build configuration list for PBXNativeTarget "创建一个简单的笔记本" */ = {
			isa = XCConfigurationList;
			buildConfigurations = (
				6272A13D26A7E04500A0C411 /* Debug */,
				6272A13E26A7E04500A0C411 /* Release */,
			);
			defaultConfigurationIsVisible = 0;
			defaultConfigurationName = Release;
		};
		6272A13F26A7E04500A0C411 /* Build configuration list for PBXNativeTarget "创建一个简单的笔记本Tests" */ = {
			isa = XCConfigurationList;
			buildConfigurations = (
				6272A14026A7E04500A0C411 /* Debug */,
				6272A14126A7E04500A0C411 /* Release */,
			);
			defaultConfigurationIsVisible = 0;
			defaultConfigurationName = Release;
		};
		6272A14226A7E04500A0C411 /* Build configuration list for PBXNativeTarget "创建一个简单的笔记本UITests" */ = {
			isa = XCConfigurationList;
			buildConfigurations = (
				6272A14326A7E04500A0C411 /* Debug */,
				6272A14426A7E04500A0C411 /* Release */,
			);
			defaultConfigurationIsVisible = 0;
			defaultConfigurationName = Release;
		};
/* End XCConfigurationList section */
	};
	rootObject = 6272A10A26A7E04300A0C411 /* Project object */;
}
